
Microsoft Visual Studio Solution File, Format Version 12.00
# Visual Studio Version 17
VisualStudioVersion = 17.6.33829.357
MinimumVisualStudioVersion = 10.0.40219.1
Project("{8BC9CEB8-8B4A-11D0-8D11-00A0C91BC942}") = "2023.08.02-大小端存储模式", "2023.08.02-大小端存储模式.vcxproj", "{47AFCA83-3813-49F0-98A6-33C41624C305}"
EndProject
Global
	GlobalSection(SolutionConfigurationPlatforms) = preSolution
		Debug|x64 = Debug|x64
		Debug|x86 = Debug|x86
		Release|x64 = Release|x64
		Release|x86 = Release|x86
	EndGlobalSection
	GlobalSection(ProjectConfigurationPlatforms) = postSolution
		{47AFCA83-3813-49F0-98A6-33C41624C305}.Debug|x64.ActiveCfg = Debug|x64
		{47AFCA83-3813-49F0-98A6-33C41624C305}.Debug|x64.Build.0 = Debug|x64
		{47AFCA83-3813-49F0-98A6-33C41624C305}.Debug|x86.ActiveCfg = Debug|Win32
		{47AFCA83-3813-49F0-98A6-33C41624C305}.Debug|x86.Build.0 = Debug|Win32
		{47AFCA83-3813-49F0-98A6-33C41624C305}.Release|x64.ActiveCfg = Release|x64
		{47AFCA83-3813-49F0-98A6-33C41624C305}.Release|x64.Build.0 = Release|x64
		{47AFCA83-3813-49F0-98A6-33C41624C305}.Release|x86.ActiveCfg = Release|Win32
		{47AFCA83-3813-49F0-98A6-33C41624C305}.Release|x86.Build.0 = Release|Win32
	EndGlobalSection
	GlobalSection(SolutionProperties) = preSolution
		HideSolutionNode = FALSE
	EndGlobalSection
	GlobalSection(ExtensibilityGlobals) = postSolution
		SolutionGuid = {37A449C6-FFAE-4B3D-86FF-8428FA9A8F74}
	EndGlobalSection
EndGlobal
